
Microsoft Visual Studio Solution File, Format Version 12.00
# Visual Studio Version 16
VisualStudioVersion = 16.0.30503.244
MinimumVisualStudioVersion = 10.0.40219.1
Project("{FAE04EC0-301F-11D3-BF4B-00C04F79EFBC}") = "CoreDepartman", "CoreDepartman\CoreDepartman.csproj", "{821E5CB9-CCA5-412B-B5BD-B80787A07FD2}"
EndProject
Global
	GlobalSection(SolutionConfigurationPlatforms) = preSolution
		Debug|Any CPU = Debug|Any CPU
		Release|Any CPU = Release|Any CPU
	EndGlobalSection
	GlobalSection(ProjectConfigurationPlatforms) = postSolution
		{821E5CB9-CCA5-412B-B5BD-B80787A07FD2}.Debug|Any CPU.ActiveCfg = Debug|Any CPU
		{821E5CB9-CCA5-412B-B5BD-B80787A07FD2}.Debug|Any CPU.Build.0 = Debug|Any CPU
		{821E5CB9-CCA5-412B-B5BD-B80787A07FD2}.Release|Any CPU.ActiveCfg = Release|Any CPU
		{821E5CB9-CCA5-412B-B5BD-B80787A07FD2}.Release|Any CPU.Build.0 = Release|Any CPU
	EndGlobalSection
	GlobalSection(SolutionProperties) = preSolution
		HideSolutionNode = FALSE
	EndGlobalSection
	GlobalSection(ExtensibilityGlobals) = postSolution
		SolutionGuid = {4F7D9CC0-8986-4780-8A39-A44A8B3AA3BF}
	EndGlobalSection
EndGlobal
